
Microsoft Visual Studio Solution File, Format Version 12.00
# Visual Studio Version 17
VisualStudioVersion = 17.9.34321.82
MinimumVisualStudioVersion = 10.0.40219.1
Project("{9A19103F-16F7-4668-BE54-9A1E7A4F7556}") = "ChefReservationsMs", "ChefReservationsMs\ChefReservationsMs.csproj", "{0867B25A-8514-4B82-940B-E5F94EAC9F57}"
EndProject
Project("{FAE04EC0-301F-11D3-BF4B-00C04F79EFBC}") = "ChefReservationsMsTest", "ChefReservationsMsTest\ChefReservationsMsTest.csproj", "{031131AE-5D1A-4CFB-ADC0-06483483BE90}"
EndProject
Global
	GlobalSection(SolutionConfigurationPlatforms) = preSolution
		Debug|Any CPU = Debug|Any CPU
		Release|Any CPU = Release|Any CPU
	EndGlobalSection
	GlobalSection(ProjectConfigurationPlatforms) = postSolution
		{0867B25A-8514-4B82-940B-E5F94EAC9F57}.Debug|Any CPU.ActiveCfg = Debug|Any CPU
		{0867B25A-8514-4B82-940B-E5F94EAC9F57}.Debug|Any CPU.Build.0 = Debug|Any CPU
		{0867B25A-8514-4B82-940B-E5F94EAC9F57}.Release|Any CPU.ActiveCfg = Release|Any CPU
		{0867B25A-8514-4B82-940B-E5F94EAC9F57}.Release|Any CPU.Build.0 = Release|Any CPU
		{031131AE-5D1A-4CFB-ADC0-06483483BE90}.Debug|Any CPU.ActiveCfg = Debug|Any CPU
		{031131AE-5D1A-4CFB-ADC0-06483483BE90}.Debug|Any CPU.Build.0 = Debug|Any CPU
		{031131AE-5D1A-4CFB-ADC0-06483483BE90}.Release|Any CPU.ActiveCfg = Release|Any CPU
		{031131AE-5D1A-4CFB-ADC0-06483483BE90}.Release|Any CPU.Build.0 = Release|Any CPU
	EndGlobalSection
	GlobalSection(SolutionProperties) = preSolution
		HideSolutionNode = FALSE
	EndGlobalSection
	GlobalSection(ExtensibilityGlobals) = postSolution
		SolutionGuid = {7B7DEA72-1C4A-4060-B01F-CFB12034C1D7}
	EndGlobalSection
EndGlobal
